// !$*UTF8*$!
{
	archiveVersion = 1;
	classes = {
	};
	objectVersion = 55;
	objects = {

/* Begin PBXBuildFile section */
		5B2B0746292B440300D31E6A /* AppDelegate.swift in Sources */ = {isa = PBXBuildFile; fileRef = 5B2B0745292B440300D31E6A /* AppDelegate.swift */; };
		5B2B0748292B440300D31E6A /* SceneDelegate.swift in Sources */ = {isa = PBXBuildFile; fileRef = 5B2B0747292B440300D31E6A /* SceneDelegate.swift */; };
		5B2B074A292B440300D31E6A /* ViewController.swift in Sources */ = {isa = PBXBuildFile; fileRef = 5B2B0749292B440300D31E6A /* ViewController.swift */; };
		5B2B074D292B440300D31E6A /* Main.storyboard in Resources */ = {isa = PBXBuildFile; fileRef = 5B2B074B292B440300D31E6A /* Main.storyboard */; };
		5B2B074F292B440400D31E6A /* Assets.xcassets in Resources */ = {isa = PBXBuildFile; fileRef = 5B2B074E292B440400D31E6A /* Assets.xcassets */; };
		5B2B0752292B440400D31E6A /* LaunchScreen.storyboard in Resources */ = {isa = PBXBuildFile; fileRef = 5B2B0750292B440400D31E6A /* LaunchScreen.storyboard */; };
		5B2B075D292B440400D31E6A /* BerlinClockKataTests.swift in Sources */ = {isa = PBXBuildFile; fileRef = 5B2B075C292B440400D31E6A /* BerlinClockKataTests.swift */; };
		5B2B0767292B440400D31E6A /* BerlinClockKataUITests.swift in Sources */ = {isa = PBXBuildFile; fileRef = 5B2B0766292B440400D31E6A /* BerlinClockKataUITests.swift */; };
		5B2B0769292B440400D31E6A /* BerlinClockKataUITestsLaunchTests.swift in Sources */ = {isa = PBXBuildFile; fileRef = 5B2B0768292B440400D31E6A /* BerlinClockKataUITestsLaunchTests.swift */; };
/* End PBXBuildFile section */

/* Begin PBXContainerItemProxy section */
		5B2B0759292B440400D31E6A /* PBXContainerItemProxy */ = {
			isa = PBXContainerItemProxy;
			containerPortal = 5B2B073A292B440300D31E6A /* Project object */;
			proxyType = 1;
			remoteGlobalIDString = 5B2B0741292B440300D31E6A;
			remoteInfo = BerlinClockKata;
		};
		5B2B0763292B440400D31E6A /* PBXContainerItemProxy */ = {
			isa = PBXContainerItemProxy;
			containerPortal = 5B2B073A292B440300D31E6A /* Project object */;
			proxyType = 1;
			remoteGlobalIDString = 5B2B0741292B440300D31E6A;
			remoteInfo = BerlinClockKata;
		};
/* End PBXContainerItemProxy section */

/* Begin PBXFileReference section */
		5B2B0742292B440300D31E6A /* BerlinClockKata.app */ = {isa = PBXFileReference; explicitFileType = wrapper.application; includeInIndex = 0; path = BerlinClockKata.app; sourceTree = BUILT_PRODUCTS_DIR; };
		5B2B0745292B440300D31E6A /* AppDelegate.swift */ = {isa = PBXFileReference; lastKnownFileType = sourcecode.swift; path = AppDelegate.swift; sourceTree = "<group>"; };
		5B2B0747292B440300D31E6A /* SceneDelegate.swift */ = {isa = PBXFileReference; lastKnownFileType = sourcecode.swift; path = SceneDelegate.swift; sourceTree = "<group>"; };
		5B2B0749292B440300D31E6A /* ViewController.swift */ = {isa = PBXFileReference; lastKnownFileType = sourcecode.swift; path = ViewController.swift; sourceTree = "<group>"; };
		5B2B074C292B440300D31E6A /* Base */ = {isa = PBXFileReference; lastKnownFileType = file.storyboard; name = Base; path = Base.lproj/Main.storyboard; sourceTree = "<group>"; };
		5B2B074E292B440400D31E6A /* Assets.xcassets */ = {isa = PBXFileReference; lastKnownFileType = folder.assetcatalog; path = Assets.xcassets; sourceTree = "<group>"; };
		5B2B0751292B440400D31E6A /* Base */ = {isa = PBXFileReference; lastKnownFileType = file.storyboard; name = Base; path = Base.lproj/LaunchScreen.storyboard; sourceTree = "<group>"; };
		5B2B0753292B440400D31E6A /* Info.plist */ = {isa = PBXFileReference; lastKnownFileType = text.plist.xml; path = Info.plist; sourceTree = "<group>"; };
		5B2B0758292B440400D31E6A /* BerlinClockKataTests.xctest */ = {isa = PBXFileReference; explicitFileType = wrapper.cfbundle; includeInIndex = 0; path = BerlinClockKataTests.xctest; sourceTree = BUILT_PRODUCTS_DIR; };
		5B2B075C292B440400D31E6A /* BerlinClockKataTests.swift */ = {isa = PBXFileReference; lastKnownFileType = sourcecode.swift; path = BerlinClockKataTests.swift; sourceTree = "<group>"; };
		5B2B0762292B440400D31E6A /* BerlinClockKataUITests.xctest */ = {isa = PBXFileReference; explicitFileType = wrapper.cfbundle; includeInIndex = 0; path = BerlinClockKataUITests.xctest; sourceTree = BUILT_PRODUCTS_DIR; };
		5B2B0766292B440400D31E6A /* BerlinClockKataUITests.swift */ = {isa = PBXFileReference; lastKnownFileType = sourcecode.swift; path = BerlinClockKataUITests.swift; sourceTree = "<group>"; };
		5B2B0768292B440400D31E6A /* BerlinClockKataUITestsLaunchTests.swift */ = {isa = PBXFileReference; lastKnownFileType = sourcecode.swift; path = BerlinClockKataUITestsLaunchTests.swift; sourceTree = "<group>"; };
/* End PBXFileReference section */

/* Begin PBXFrameworksBuildPhase section */
		5B2B073F292B440300D31E6A /* Frameworks */ = {
			isa = PBXFrameworksBuildPhase;
			buildActionMask = 2147483647;
			files = (
			);
			runOnlyForDeploymentPostprocessing = 0;
		};
		5B2B0755292B440400D31E6A /* Frameworks */ = {
			isa = PBXFrameworksBuildPhase;
			buildActionMask = 2147483647;
			files = (
			);
			runOnlyForDeploymentPostprocessing = 0;
		};
		5B2B075F292B440400D31E6A /* Frameworks */ = {
			isa = PBXFrameworksBuildPhase;
			buildActionMask = 2147483647;
			files = (
			);
			runOnlyForDeploymentPostprocessing = 0;
		};
/* End PBXFrameworksBuildPhase section */

/* Begin PBXGroup section */
		5B2B0739292B440300D31E6A = {
			isa = PBXGroup;
			children = (
				5B2B0744292B440300D31E6A /* BerlinClockKata */,
				5B2B075B292B440400D31E6A /* BerlinClockKataTests */,
				5B2B0765292B440400D31E6A /* BerlinClockKataUITests */,
				5B2B0743292B440300D31E6A /* Products */,
			);
			sourceTree = "<group>";
		};
		5B2B0743292B440300D31E6A /* Products */ = {
			isa = PBXGroup;
			children = (
				5B2B0742292B440300D31E6A /* BerlinClockKata.app */,
				5B2B0758292B440400D31E6A /* BerlinClockKataTests.xctest */,
				5B2B0762292B440400D31E6A /* BerlinClockKataUITests.xctest */,
			);
			name = Products;
			sourceTree = "<group>";
		};
		5B2B0744292B440300D31E6A /* BerlinClockKata */ = {
			isa = PBXGroup;
			children = (
				5B2B0745292B440300D31E6A /* AppDelegate.swift */,
				5B2B0747292B440300D31E6A /* SceneDelegate.swift */,
				5B2B0749292B440300D31E6A /* ViewController.swift */,
				5B2B074B292B440300D31E6A /* Main.storyboard */,
				5B2B074E292B440400D31E6A /* Assets.xcassets */,
				5B2B0750292B440400D31E6A /* LaunchScreen.storyboard */,
				5B2B0753292B440400D31E6A /* Info.plist */,
			);
			path = BerlinClockKata;
			sourceTree = "<group>";
		};
		5B2B075B292B440400D31E6A /* BerlinClockKataTests */ = {
			isa = PBXGroup;
			children = (
				5B2B075C292B440400D31E6A /* BerlinClockKataTests.swift */,
			);
			path = BerlinClockKataTests;
			sourceTree = "<group>";
		};
		5B2B0765292B440400D31E6A /* BerlinClockKataUITests */ = {
			isa = PBXGroup;
			children = (
				5B2B0766292B440400D31E6A /* BerlinClockKataUITests.swift */,
				5B2B0768292B440400D31E6A /* BerlinClockKataUITestsLaunchTests.swift */,
			);
			path = BerlinClockKataUITests;
			sourceTree = "<group>";
		};
/* End PBXGroup section */

/* Begin PBXNativeTarget section */
		5B2B0741292B440300D31E6A /* BerlinClockKata */ = {
			isa = PBXNativeTarget;
			buildConfigurationList = 5B2B076C292B440400D31E6A /* Build configuration list for PBXNativeTarget "BerlinClockKata" */;
			buildPhases = (
				5B2B073E292B440300D31E6A /* Sources */,
				5B2B073F292B440300D31E6A /* Frameworks */,
				5B2B0740292B440300D31E6A /* Resources */,
			);
			buildRules = (
			);
			dependencies = (
			);
			name = BerlinClockKata;
			productName = BerlinClockKata;
			productReference = 5B2B0742292B440300D31E6A /* BerlinClockKata.app */;
			productType = "com.apple.product-type.application";
		};
		5B2B0757292B440400D31E6A /* BerlinClockKataTests */ = {
			isa = PBXNativeTarget;
			buildConfigurationList = 5B2B076F292B440400D31E6A /* Build configuration list for PBXNativeTarget "BerlinClockKataTests" */;
			buildPhases = (
				5B2B0754292B440400D31E6A /* Sources */,
				5B2B0755292B440400D31E6A /* Frameworks */,
				5B2B0756292B440400D31E6A /* Resources */,
			);
			buildRules = (
			);
			dependencies = (
				5B2B075A292B440400D31E6A /* PBXTargetDependency */,
			);
			name = BerlinClockKataTests;
			productName = BerlinClockKataTests;
			productReference = 5B2B0758292B440400D31E6A /* BerlinClockKataTests.xctest */;
			productType = "com.apple.product-type.bundle.unit-test";
		};
		5B2B0761292B440400D31E6A /* BerlinClockKataUITests */ = {
			isa = PBXNativeTarget;
			buildConfigurationList = 5B2B0772292B440400D31E6A /* Build configuration list for PBXNativeTarget "BerlinClockKataUITests" */;
			buildPhases = (
				5B2B075E292B440400D31E6A /* Sources */,
				5B2B075F292B440400D31E6A /* Frameworks */,
				5B2B0760292B440400D31E6A /* Resources */,
			);
			buildRules = (
			);
			dependencies = (
				5B2B0764292B440400D31E6A /* PBXTargetDependency */,
			);
			name = BerlinClockKataUITests;
			productName = BerlinClockKataUITests;
			productReference = 5B2B0762292B440400D31E6A /* BerlinClockKataUITests.xctest */;
			productType = "com.apple.product-type.bundle.ui-testing";
		};
/* End PBXNativeTarget section */

/* Begin PBXProject section */
		5B2B073A292B440300D31E6A /* Project object */ = {
			isa = PBXProject;
			attributes = {
				BuildIndependentTargetsInParallel = 1;
				LastSwiftUpdateCheck = 1340;
				LastUpgradeCheck = 1340;
				TargetAttributes = {
					5B2B0741292B440300D31E6A = {
						CreatedOnToolsVersion = 13.4.1;
					};
					5B2B0757292B440400D31E6A = {
						CreatedOnToolsVersion = 13.4.1;
						TestTargetID = 5B2B0741292B440300D31E6A;
					};
					5B2B0761292B440400D31E6A = {
						CreatedOnToolsVersion = 13.4.1;
						TestTargetID = 5B2B0741292B440300D31E6A;
					};
				};
			};
			buildConfigurationList = 5B2B073D292B440300D31E6A /* Build configuration list for PBXProject "BerlinClockKata" */;
			compatibilityVersion = "Xcode 13.0";
			developmentRegion = en;
			hasScannedForEncodings = 0;
			knownRegions = (
				en,
				Base,
			);
			mainGroup = 5B2B0739292B440300D31E6A;
			productRefGroup = 5B2B0743292B440300D31E6A /* Products */;
			projectDirPath = "";
			projectRoot = "";
			targets = (
				5B2B0741292B440300D31E6A /* BerlinClockKata */,
				5B2B0757292B440400D31E6A /* BerlinClockKataTests */,
				5B2B0761292B440400D31E6A /* BerlinClockKataUITests */,
			);
		};
/* End PBXProject section */

/* Begin PBXResourcesBuildPhase section */
		5B2B0740292B440300D31E6A /* Resources */ = {
			isa = PBXResourcesBuildPhase;
			buildActionMask = 2147483647;
			files = (
				5B2B0752292B440400D31E6A /* LaunchScreen.storyboard in Resources */,
				5B2B074F292B440400D31E6A /* Assets.xcassets in Resources */,
				5B2B074D292B440300D31E6A /* Main.storyboard in Resources */,
			);
			runOnlyForDeploymentPostprocessing = 0;
		};
		5B2B0756292B440400D31E6A /* Resources */ = {
			isa = PBXResourcesBuildPhase;
			buildActionMask = 2147483647;
			files = (
			);
			runOnlyForDeploymentPostprocessing = 0;
		};
		5B2B0760292B440400D31E6A /* Resources */ = {
			isa = PBXResourcesBuildPhase;
			buildActionMask = 2147483647;
			files = (
			);
			runOnlyForDeploymentPostprocessing = 0;
		};
/* End PBXResourcesBuildPhase section */

/* Begin PBXSourcesBuildPhase section */
		5B2B073E292B440300D31E6A /* Sources */ = {
			isa = PBXSourcesBuildPhase;
			buildActionMask = 2147483647;
			files = (
				5B2B074A292B440300D31E6A /* ViewController.swift in Sources */,
				5B2B0746292B440300D31E6A /* AppDelegate.swift in Sources */,
				5B2B0748292B440300D31E6A /* SceneDelegate.swift in Sources */,
			);
			runOnlyForDeploymentPostprocessing = 0;
		};
		5B2B0754292B440400D31E6A /* Sources */ = {
			isa = PBXSourcesBuildPhase;
			buildActionMask = 2147483647;
			files = (
				5B2B075D292B440400D31E6A /* BerlinClockKataTests.swift in Sources */,
			);
			runOnlyForDeploymentPostprocessing = 0;
		};
		5B2B075E292B440400D31E6A /* Sources */ = {
			isa = PBXSourcesBuildPhase;
			buildActionMask = 2147483647;
			files = (
				5B2B0769292B440400D31E6A /* BerlinClockKataUITestsLaunchTests.swift in Sources */,
				5B2B0767292B440400D31E6A /* BerlinClockKataUITests.swift in Sources */,
			);
			runOnlyForDeploymentPostprocessing = 0;
		};
/* End PBXSourcesBuildPhase section */

/* Begin PBXTargetDependency section */
		5B2B075A292B440400D31E6A /* PBXTargetDependency */ = {
			isa = PBXTargetDependency;
			target = 5B2B0741292B440300D31E6A /* BerlinClockKata */;
			targetProxy = 5B2B0759292B440400D31E6A /* PBXContainerItemProxy */;
		};
		5B2B0764292B440400D31E6A /* PBXTargetDependency */ = {
			isa = PBXTargetDependency;
			target = 5B2B0741292B440300D31E6A /* BerlinClockKata */;
			targetProxy = 5B2B0763292B440400D31E6A /* PBXContainerItemProxy */;
		};
/* End PBXTargetDependency section */

/* Begin PBXVariantGroup section */
		5B2B074B292B440300D31E6A /* Main.storyboard */ = {
			isa = PBXVariantGroup;
			children = (
				5B2B074C292B440300D31E6A /* Base */,
			);
			name = Main.storyboard;
			sourceTree = "<group>";
		};
		5B2B0750292B440400D31E6A /* LaunchScreen.storyboard */ = {
			isa = PBXVariantGroup;
			children = (
				5B2B0751292B440400D31E6A /* Base */,
			);
			name = LaunchScreen.storyboard;
			sourceTree = "<group>";
		};
/* End PBXVariantGroup section */

/* Begin XCBuildConfiguration section */
		5B2B076A292B440400D31E6A /* Debug */ = {
			isa = XCBuildConfiguration;
			buildSettings = {
				ALWAYS_SEARCH_USER_PATHS = NO;
				CLANG_ANALYZER_NONNULL = YES;
				CLANG_ANALYZER_NUMBER_OBJECT_CONVERSION = YES_AGGRESSIVE;
				CLANG_CXX_LANGUAGE_STANDARD = "gnu++17";
				CLANG_ENABLE_MODULES = YES;
				CLANG_ENABLE_OBJC_ARC = YES;
				CLANG_ENABLE_OBJC_WEAK = YES;
				CLANG_WARN_BLOCK_CAPTURE_AUTORELEASING = YES;
				CLANG_WARN_BOOL_CONVERSION = YES;
				CLANG_WARN_COMMA = YES;
				CLANG_WARN_CONSTANT_CONVERSION = YES;
				CLANG_WARN_DEPRECATED_OBJC_IMPLEMENTATIONS = YES;
				CLANG_WARN_DIRECT_OBJC_ISA_USAGE = YES_ERROR;
				CLANG_WARN_DOCUMENTATION_COMMENTS = YES;
				CLANG_WARN_EMPTY_BODY = YES;
				CLANG_WARN_ENUM_CONVERSION = YES;
				CLANG_WARN_INFINITE_RECURSION = YES;
				CLANG_WARN_INT_CONVERSION = YES;
				CLANG_WARN_NON_LITERAL_NULL_CONVERSION = YES;
				CLANG_WARN_OBJC_IMPLICIT_RETAIN_SELF = YES;
				CLANG_WARN_OBJC_LITERAL_CONVERSION = YES;
				CLANG_WARN_OBJC_ROOT_CLASS = YES_ERROR;
				CLANG_WARN_QUOTED_INCLUDE_IN_FRAMEWORK_HEADER = YES;
				CLANG_WARN_RANGE_LOOP_ANALYSIS = YES;
				CLANG_WARN_STRICT_PROTOTYPES = YES;
				CLANG_WARN_SUSPICIOUS_MOVE = YES;
				CLANG_WARN_UNGUARDED_AVAILABILITY = YES_AGGRESSIVE;
				CLANG_WARN_UNREACHABLE_CODE = YES;
				CLANG_WARN__DUPLICATE_METHOD_MATCH = YES;
				COPY_PHASE_STRIP = NO;
				DEBUG_INFORMATION_FORMAT = dwarf;
				ENABLE_STRICT_OBJC_MSGSEND = YES;
				ENABLE_TESTABILITY = YES;
				GCC_C_LANGUAGE_STANDARD = gnu11;
				GCC_DYNAMIC_NO_PIC = NO;
				GCC_NO_COMMON_BLOCKS = YES;
				GCC_OPTIMIZATION_LEVEL = 0;
				GCC_PREPROCESSOR_DEFINITIONS = (
					"DEBUG=1",
					"$(inherited)",
				);
				GCC_WARN_64_TO_32_BIT_CONVERSION = YES;
				GCC_WARN_ABOUT_RETURN_TYPE = YES_ERROR;
				GCC_WARN_UNDECLARED_SELECTOR = YES;
				GCC_WARN_UNINITIALIZED_AUTOS = YES_AGGRESSIVE;
				GCC_WARN_UNUSED_FUNCTION = YES;
				GCC_WARN_UNUSED_VARIABLE = YES;
				IPHONEOS_DEPLOYMENT_TARGET = 15.5;
				MTL_ENABLE_DEBUG_INFO = INCLUDE_SOURCE;
				MTL_FAST_MATH = YES;
				ONLY_ACTIVE_ARCH = YES;
				SDKROOT = iphoneos;
				SWIFT_ACTIVE_COMPILATION_CONDITIONS = DEBUG;
				SWIFT_OPTIMIZATION_LEVEL = "-Onone";
			};
			name = Debug;
		};
		5B2B076B292B440400D31E6A /* Release */ = {
			isa = XCBuildConfiguration;
			buildSettings = {
				ALWAYS_SEARCH_USER_PATHS = NO;
				CLANG_ANALYZER_NONNULL = YES;
				CLANG_ANALYZER_NUMBER_OBJECT_CONVERSION = YES_AGGRESSIVE;
				CLANG_CXX_LANGUAGE_STANDARD = "gnu++17";
				CLANG_ENABLE_MODULES = YES;
				CLANG_ENABLE_OBJC_ARC = YES;
				CLANG_ENABLE_OBJC_WEAK = YES;
				CLANG_WARN_BLOCK_CAPTURE_AUTORELEASING = YES;
				CLANG_WARN_BOOL_CONVERSION = YES;
				CLANG_WARN_COMMA = YES;
				CLANG_WARN_CONSTANT_CONVERSION = YES;
				CLANG_WARN_DEPRECATED_OBJC_IMPLEMENTATIONS = YES;
				CLANG_WARN_DIRECT_OBJC_ISA_USAGE = YES_ERROR;
				CLANG_WARN_DOCUMENTATION_COMMENTS = YES;
				CLANG_WARN_EMPTY_BODY = YES;
				CLANG_WARN_ENUM_CONVERSION = YES;
				CLANG_WARN_INFINITE_RECURSION = YES;
				CLANG_WARN_INT_CONVERSION = YES;
				CLANG_WARN_NON_LITERAL_NULL_CONVERSION = YES;
				CLANG_WARN_OBJC_IMPLICIT_RETAIN_SELF = YES;
				CLANG_WARN_OBJC_LITERAL_CONVERSION = YES;
				CLANG_WARN_OBJC_ROOT_CLASS = YES_ERROR;
				CLANG_WARN_QUOTED_INCLUDE_IN_FRAMEWORK_HEADER = YES;
				CLANG_WARN_RANGE_LOOP_ANALYSIS = YES;
				CLANG_WARN_STRICT_PROTOTYPES = YES;
				CLANG_WARN_SUSPICIOUS_MOVE = YES;
				CLANG_WARN_UNGUARDED_AVAILABILITY = YES_AGGRESSIVE;
				CLANG_WARN_UNREACHABLE_CODE = YES;
				CLANG_WARN__DUPLICATE_METHOD_MATCH = YES;
				COPY_PHASE_STRIP = NO;
				DEBUG_INFORMATION_FORMAT = "dwarf-with-dsym";
				ENABLE_NS_ASSERTIONS = NO;
				ENABLE_STRICT_OBJC_MSGSEND = YES;
				GCC_C_LANGUAGE_STANDARD = gnu11;
				GCC_NO_COMMON_BLOCKS = YES;
				GCC_WARN_64_TO_32_BIT_CONVERSION = YES;
				GCC_WARN_ABOUT_RETURN_TYPE = YES_ERROR;
				GCC_WARN_UNDECLARED_SELECTOR = YES;
				GCC_WARN_UNINITIALIZED_AUTOS = YES_AGGRESSIVE;
				GCC_WARN_UNUSED_FUNCTION = YES;
				GCC_WARN_UNUSED_VARIABLE = YES;
				IPHONEOS_DEPLOYMENT_TARGET = 15.5;
				MTL_ENABLE_DEBUG_INFO = NO;
				MTL_FAST_MATH = YES;
				SDKROOT = iphoneos;
				SWIFT_COMPILATION_MODE = wholemodule;
				SWIFT_OPTIMIZATION_LEVEL = "-O";
				VALIDATE_PRODUCT = YES;
			};
			name = Release;
		};
		5B2B076D292B440400D31E6A /* Debug */ = {
			isa = XCBuildConfiguration;
			buildSettings = {
				ASSETCATALOG_COMPILER_APPICON_NAME = AppIcon;
				ASSETCATALOG_COMPILER_GLOBAL_ACCENT_COLOR_NAME = AccentColor;
				CODE_SIGN_STYLE = Automatic;
				CURRENT_PROJECT_VERSION = 1;
				GENERATE_INFOPLIST_FILE = YES;
				INFOPLIST_FILE = BerlinClockKata/Info.plist;
				INFOPLIST_KEY_UIApplicationSupportsIndirectInputEvents = YES;
				INFOPLIST_KEY_UILaunchStoryboardName = LaunchScreen;
				INFOPLIST_KEY_UIMainStoryboardFile = Main;
				INFOPLIST_KEY_UISupportedInterfaceOrientations_iPad = "UIInterfaceOrientationPortrait UIInterfaceOrientationPortraitUpsideDown UIInterfaceOrientationLandscapeLeft UIInterfaceOrientationLandscapeRight";
				INFOPLIST_KEY_UISupportedInterfaceOrientations_iPhone = "UIInterfaceOrientationPortrait UIInterfaceOrientationLandscapeLeft UIInterfaceOrientationLandscapeRight";
				LD_RUNPATH_SEARCH_PATHS = (
					"$(inherited)",
					"@executable_path/Frameworks",
				);
				MARKETING_VERSION = 1.0;
				PRODUCT_BUNDLE_IDENTIFIER = BerlinClock.BerlinClockKata;
				PRODUCT_NAME = "$(TARGET_NAME)";
				SWIFT_EMIT_LOC_STRINGS = YES;
				SWIFT_VERSION = 5.0;
				TARGETED_DEVICE_FAMILY = "1,2";
			};
			name = Debug;
		};
		5B2B076E292B440400D31E6A /* Release */ = {
			isa = XCBuildConfiguration;
			buildSettings = {
				ASSETCATALOG_COMPILER_APPICON_NAME = AppIcon;
				ASSETCATALOG_COMPILER_GLOBAL_ACCENT_COLOR_NAME = AccentColor;
				CODE_SIGN_STYLE = Automatic;
				CURRENT_PROJECT_VERSION = 1;
				GENERATE_INFOPLIST_FILE = YES;
				INFOPLIST_FILE = BerlinClockKata/Info.plist;
				INFOPLIST_KEY_UIApplicationSupportsIndirectInputEvents = YES;
				INFOPLIST_KEY_UILaunchStoryboardName = LaunchScreen;
				INFOPLIST_KEY_UIMainStoryboardFile = Main;
				INFOPLIST_KEY_UISupportedInterfaceOrientations_iPad = "UIInterfaceOrientationPortrait UIInterfaceOrientationPortraitUpsideDown UIInterfaceOrientationLandscapeLeft UIInterfaceOrientationLandscapeRight";
				INFOPLIST_KEY_UISupportedInterfaceOrientations_iPhone = "UIInterfaceOrientationPortrait UIInterfaceOrientationLandscapeLeft UIInterfaceOrientationLandscapeRight";
				LD_RUNPATH_SEARCH_PATHS = (
					"$(inherited)",
					"@executable_path/Frameworks",
				);
				MARKETING_VERSION = 1.0;
				PRODUCT_BUNDLE_IDENTIFIER = BerlinClock.BerlinClockKata;
				PRODUCT_NAME = "$(TARGET_NAME)";
				SWIFT_EMIT_LOC_STRINGS = YES;
				SWIFT_VERSION = 5.0;
				TARGETED_DEVICE_FAMILY = "1,2";
			};
			name = Release;
		};
		5B2B0770292B440400D31E6A /* Debug */ = {
			isa = XCBuildConfiguration;
			buildSettings = {
				ALWAYS_EMBED_SWIFT_STANDARD_LIBRARIES = YES;
				BUNDLE_LOADER = "$(TEST_HOST)";
				CODE_SIGN_STYLE = Automatic;
				CURRENT_PROJECT_VERSION = 1;
				GENERATE_INFOPLIST_FILE = YES;
				IPHONEOS_DEPLOYMENT_TARGET = 15.5;
				MARKETING_VERSION = 1.0;
				PRODUCT_BUNDLE_IDENTIFIER = BerlinClock.BerlinClockKataTests;
				PRODUCT_NAME = "$(TARGET_NAME)";
				SWIFT_EMIT_LOC_STRINGS = NO;
				SWIFT_VERSION = 5.0;
				TARGETED_DEVICE_FAMILY = "1,2";
				TEST_HOST = "$(BUILT_PRODUCTS_DIR)/BerlinClockKata.app/BerlinClockKata";
			};
			name = Debug;
		};
		5B2B0771292B440400D31E6A /* Release */ = {
			isa = XCBuildConfiguration;
			buildSettings = {
				ALWAYS_EMBED_SWIFT_STANDARD_LIBRARIES = YES;
				BUNDLE_LOADER = "$(TEST_HOST)";
				CODE_SIGN_STYLE = Automatic;
				CURRENT_PROJECT_VERSION = 1;
				GENERATE_INFOPLIST_FILE = YES;
				IPHONEOS_DEPLOYMENT_TARGET = 15.5;
				MARKETING_VERSION = 1.0;
				PRODUCT_BUNDLE_IDENTIFIER = BerlinClock.BerlinClockKataTests;
				PRODUCT_NAME = "$(TARGET_NAME)";
				SWIFT_EMIT_LOC_STRINGS = NO;
				SWIFT_VERSION = 5.0;
				TARGETED_DEVICE_FAMILY = "1,2";
				TEST_HOST = "$(BUILT_PRODUCTS_DIR)/BerlinClockKata.app/BerlinClockKata";
			};
			name = Release;
		};
		5B2B0773292B440400D31E6A /* Debug */ = {
			isa = XCBuildConfiguration;
			buildSettings = {
				ALWAYS_EMBED_SWIFT_STANDARD_LIBRARIES = YES;
				CODE_SIGN_STYLE = Automatic;
				CURRENT_PROJECT_VERSION = 1;
				GENERATE_INFOPLIST_FILE = YES;
				MARKETING_VERSION = 1.0;
				PRODUCT_BUNDLE_IDENTIFIER = BerlinClock.BerlinClockKataUITests;
				PRODUCT_NAME = "$(TARGET_NAME)";
				SWIFT_EMIT_LOC_STRINGS = NO;
				SWIFT_VERSION = 5.0;
				TARGETED_DEVICE_FAMILY = "1,2";
				TEST_TARGET_NAME = BerlinClockKata;
			};
			name = Debug;
		};
		5B2B0774292B440400D31E6A /* Release */ = {
			isa = XCBuildConfiguration;
			buildSettings = {
				ALWAYS_EMBED_SWIFT_STANDARD_LIBRARIES = YES;
				CODE_SIGN_STYLE = Automatic;
				CURRENT_PROJECT_VERSION = 1;
				GENERATE_INFOPLIST_FILE = YES;
				MARKETING_VERSION = 1.0;
				PRODUCT_BUNDLE_IDENTIFIER = BerlinClock.BerlinClockKataUITests;
				PRODUCT_NAME = "$(TARGET_NAME)";
				SWIFT_EMIT_LOC_STRINGS = NO;
				SWIFT_VERSION = 5.0;
				TARGETED_DEVICE_FAMILY = "1,2";
				TEST_TARGET_NAME = BerlinClockKata;
			};
			name = Release;
		};
/* End XCBuildConfiguration section */

/* Begin XCConfigurationList section */
		5B2B073D292B440300D31E6A /* Build configuration list for PBXProject "BerlinClockKata" */ = {
			isa = XCConfigurationList;
			buildConfigurations = (
				5B2B076A292B440400D31E6A /* Debug */,
				5B2B076B292B440400D31E6A /* Release */,
			);
			defaultConfigurationIsVisible = 0;
			defaultConfigurationName = Release;
		};
		5B2B076C292B440400D31E6A /* Build configuration list for PBXNativeTarget "BerlinClockKata" */ = {
			isa = XCConfigurationList;
			buildConfigurations = (
				5B2B076D292B440400D31E6A /* Debug */,
				5B2B076E292B440400D31E6A /* Release */,
			);
			defaultConfigurationIsVisible = 0;
			defaultConfigurationName = Release;
		};
		5B2B076F292B440400D31E6A /* Build configuration list for PBXNativeTarget "BerlinClockKataTests" */ = {
			isa = XCConfigurationList;
			buildConfigurations = (
				5B2B0770292B440400D31E6A /* Debug */,
				5B2B0771292B440400D31E6A /* Release */,
			);
			defaultConfigurationIsVisible = 0;
			defaultConfigurationName = Release;
		};
		5B2B0772292B440400D31E6A /* Build configuration list for PBXNativeTarget "BerlinClockKataUITests" */ = {
			isa = XCConfigurationList;
			buildConfigurations = (
				5B2B0773292B440400D31E6A /* Debug */,
				5B2B0774292B440400D31E6A /* Release */,
			);
			defaultConfigurationIsVisible = 0;
			defaultConfigurationName = Release;
		};
/* End XCConfigurationList section */
	};
	rootObject = 5B2B073A292B440300D31E6A /* Project object */;
}
